
Microsoft Visual Studio Solution File, Format Version 12.00
# Visual Studio 15
VisualStudioVersion = 15.0.27130.2027
MinimumVisualStudioVersion = 10.0.40219.1
Project("{2150E333-8FDC-42A3-9474-1A3956D46DE8}") = "src", "src", "{78C01410-A3FB-436C-B550-6B3172836192}"
EndProject
Project("{FAE04EC0-301F-11D3-BF4B-00C04F79EFBC}") = "Common", "src\shared\Common\Common.csproj", "{F56A9D05-EF80-41A9-92A2-3C992F4AA131}"
EndProject
Project("{FAE04EC0-301F-11D3-BF4B-00C04F79EFBC}") = "AzureEnvironment", "src\shared\AzureEnvironment\AzureEnvironment.csproj", "{DD5C7C7A-7647-48BA-8A4B-148C27195B98}"
EndProject
Project("{FAE04EC0-301F-11D3-BF4B-00C04F79EFBC}") = "ConfigManager", "src\shared\ConfigManager\ConfigManager.csproj", "{AAE8F7F1-58FE-4DEF-B75E-7F72BCA8D002}"
EndProject
Project("{FAE04EC0-301F-11D3-BF4B-00C04F79EFBC}") = "TelemetryManager", "src\shared\TelemetryManager\TelemetryManager.csproj", "{5EEA0498-C064-438C-9127-E9B842594809}"
EndProject
Project("{FAE04EC0-301F-11D3-BF4B-00C04F79EFBC}") = "ServiceParityManager", "src\shared\ServiceParityManager\ServiceParityManager.csproj", "{524D407E-E80A-4726-9851-7EF56B6EF293}"
EndProject
Project("{FAE04EC0-301F-11D3-BF4B-00C04F79EFBC}") = "CostEstimationManager", "src\shared\CostEstimationManager\CostEstimationManager.csproj", "{9EB58DDF-9D03-4973-B4E5-5E85EE6329B0}"
EndProject
Project("{FAE04EC0-301F-11D3-BF4B-00C04F79EFBC}") = "ResourceManager", "src\shared\ResourceManager\ResourceManager.csproj", "{42D8BA75-D14B-4BB6-A150-DD0E65D6976A}"
EndProject
Project("{FAE04EC0-301F-11D3-BF4B-00C04F79EFBC}") = "ReportManager", "src\shared\ReportManager\ReportManager.csproj", "{411AA510-2E9E-4FD0-84AA-A4C211817220}"
EndProject
Project("{FAE04EC0-301F-11D3-BF4B-00C04F79EFBC}") = "AssessmentService", "src\shared\AssessmentService\AssessmentService.csproj", "{74BA9F3B-3812-4CDB-BEB0-40A43BC556E4}"
EndProject
Project("{FAE04EC0-301F-11D3-BF4B-00C04F79EFBC}") = "AssessmentWebApp", "src\hosts\AssessmentWebApp\AssessmentWebApp.csproj", "{ED309B7D-1F34-47D3-B399-EEAA70D79AA1}"
EndProject
Project("{FAE04EC0-301F-11D3-BF4B-00C04F79EFBC}") = "AssessmentConsole", "src\hosts\AssessmentConsole\AssessmentConsole.csproj", "{D3A7FE4B-A8C3-4901-B4B8-8972FE3DCAAA}"
EndProject
Global
	GlobalSection(SolutionConfigurationPlatforms) = preSolution
		Debug|Any CPU = Debug|Any CPU
		Release|Any CPU = Release|Any CPU
	EndGlobalSection
	GlobalSection(ProjectConfigurationPlatforms) = postSolution
		{F56A9D05-EF80-41A9-92A2-3C992F4AA131}.Debug|Any CPU.ActiveCfg = Debug|Any CPU
		{F56A9D05-EF80-41A9-92A2-3C992F4AA131}.Debug|Any CPU.Build.0 = Debug|Any CPU
		{F56A9D05-EF80-41A9-92A2-3C992F4AA131}.Release|Any CPU.ActiveCfg = Release|Any CPU
		{F56A9D05-EF80-41A9-92A2-3C992F4AA131}.Release|Any CPU.Build.0 = Release|Any CPU
		{DD5C7C7A-7647-48BA-8A4B-148C27195B98}.Debug|Any CPU.ActiveCfg = Debug|Any CPU
		{DD5C7C7A-7647-48BA-8A4B-148C27195B98}.Debug|Any CPU.Build.0 = Debug|Any CPU
		{DD5C7C7A-7647-48BA-8A4B-148C27195B98}.Release|Any CPU.ActiveCfg = Release|Any CPU
		{DD5C7C7A-7647-48BA-8A4B-148C27195B98}.Release|Any CPU.Build.0 = Release|Any CPU
		{AAE8F7F1-58FE-4DEF-B75E-7F72BCA8D002}.Debug|Any CPU.ActiveCfg = Debug|Any CPU
		{AAE8F7F1-58FE-4DEF-B75E-7F72BCA8D002}.Debug|Any CPU.Build.0 = Debug|Any CPU
		{AAE8F7F1-58FE-4DEF-B75E-7F72BCA8D002}.Release|Any CPU.ActiveCfg = Release|Any CPU
		{AAE8F7F1-58FE-4DEF-B75E-7F72BCA8D002}.Release|Any CPU.Build.0 = Release|Any CPU
		{5EEA0498-C064-438C-9127-E9B842594809}.Debug|Any CPU.ActiveCfg = Debug|Any CPU
		{5EEA0498-C064-438C-9127-E9B842594809}.Debug|Any CPU.Build.0 = Debug|Any CPU
		{5EEA0498-C064-438C-9127-E9B842594809}.Release|Any CPU.ActiveCfg = Release|Any CPU
		{5EEA0498-C064-438C-9127-E9B842594809}.Release|Any CPU.Build.0 = Release|Any CPU
		{524D407E-E80A-4726-9851-7EF56B6EF293}.Debug|Any CPU.ActiveCfg = Debug|Any CPU
		{524D407E-E80A-4726-9851-7EF56B6EF293}.Debug|Any CPU.Build.0 = Debug|Any CPU
		{524D407E-E80A-4726-9851-7EF56B6EF293}.Release|Any CPU.ActiveCfg = Release|Any CPU
		{524D407E-E80A-4726-9851-7EF56B6EF293}.Release|Any CPU.Build.0 = Release|Any CPU
		{9EB58DDF-9D03-4973-B4E5-5E85EE6329B0}.Debug|Any CPU.ActiveCfg = Debug|Any CPU
		{9EB58DDF-9D03-4973-B4E5-5E85EE6329B0}.Debug|Any CPU.Build.0 = Debug|Any CPU
		{9EB58DDF-9D03-4973-B4E5-5E85EE6329B0}.Release|Any CPU.ActiveCfg = Release|Any CPU
		{9EB58DDF-9D03-4973-B4E5-5E85EE6329B0}.Release|Any CPU.Build.0 = Release|Any CPU
		{42D8BA75-D14B-4BB6-A150-DD0E65D6976A}.Debug|Any CPU.ActiveCfg = Debug|Any CPU
		{42D8BA75-D14B-4BB6-A150-DD0E65D6976A}.Debug|Any CPU.Build.0 = Debug|Any CPU
		{42D8BA75-D14B-4BB6-A150-DD0E65D6976A}.Release|Any CPU.ActiveCfg = Release|Any CPU
		{42D8BA75-D14B-4BB6-A150-DD0E65D6976A}.Release|Any CPU.Build.0 = Release|Any CPU
		{411AA510-2E9E-4FD0-84AA-A4C211817220}.Debug|Any CPU.ActiveCfg = Debug|Any CPU
		{411AA510-2E9E-4FD0-84AA-A4C211817220}.Debug|Any CPU.Build.0 = Debug|Any CPU
		{411AA510-2E9E-4FD0-84AA-A4C211817220}.Release|Any CPU.ActiveCfg = Release|Any CPU
		{411AA510-2E9E-4FD0-84AA-A4C211817220}.Release|Any CPU.Build.0 = Release|Any CPU
		{74BA9F3B-3812-4CDB-BEB0-40A43BC556E4}.Debug|Any CPU.ActiveCfg = Debug|Any CPU
		{74BA9F3B-3812-4CDB-BEB0-40A43BC556E4}.Debug|Any CPU.Build.0 = Debug|Any CPU
		{74BA9F3B-3812-4CDB-BEB0-40A43BC556E4}.Release|Any CPU.ActiveCfg = Release|Any CPU
		{74BA9F3B-3812-4CDB-BEB0-40A43BC556E4}.Release|Any CPU.Build.0 = Release|Any CPU
		{ED309B7D-1F34-47D3-B399-EEAA70D79AA1}.Debug|Any CPU.ActiveCfg = Debug|Any CPU
		{ED309B7D-1F34-47D3-B399-EEAA70D79AA1}.Debug|Any CPU.Build.0 = Debug|Any CPU
		{ED309B7D-1F34-47D3-B399-EEAA70D79AA1}.Release|Any CPU.ActiveCfg = Release|Any CPU
		{ED309B7D-1F34-47D3-B399-EEAA70D79AA1}.Release|Any CPU.Build.0 = Release|Any CPU
		{D3A7FE4B-A8C3-4901-B4B8-8972FE3DCAAA}.Debug|Any CPU.ActiveCfg = Debug|Any CPU
		{D3A7FE4B-A8C3-4901-B4B8-8972FE3DCAAA}.Debug|Any CPU.Build.0 = Debug|Any CPU
		{D3A7FE4B-A8C3-4901-B4B8-8972FE3DCAAA}.Release|Any CPU.ActiveCfg = Release|Any CPU
		{D3A7FE4B-A8C3-4901-B4B8-8972FE3DCAAA}.Release|Any CPU.Build.0 = Release|Any CPU
	EndGlobalSection
	GlobalSection(SolutionProperties) = preSolution
		HideSolutionNode = FALSE
	EndGlobalSection
	GlobalSection(NestedProjects) = preSolution
		{F56A9D05-EF80-41A9-92A2-3C992F4AA131} = {78C01410-A3FB-436C-B550-6B3172836192}
		{DD5C7C7A-7647-48BA-8A4B-148C27195B98} = {78C01410-A3FB-436C-B550-6B3172836192}
		{AAE8F7F1-58FE-4DEF-B75E-7F72BCA8D002} = {78C01410-A3FB-436C-B550-6B3172836192}
		{5EEA0498-C064-438C-9127-E9B842594809} = {78C01410-A3FB-436C-B550-6B3172836192}
		{524D407E-E80A-4726-9851-7EF56B6EF293} = {78C01410-A3FB-436C-B550-6B3172836192}
		{9EB58DDF-9D03-4973-B4E5-5E85EE6329B0} = {78C01410-A3FB-436C-B550-6B3172836192}
		{42D8BA75-D14B-4BB6-A150-DD0E65D6976A} = {78C01410-A3FB-436C-B550-6B3172836192}
		{411AA510-2E9E-4FD0-84AA-A4C211817220} = {78C01410-A3FB-436C-B550-6B3172836192}
		{74BA9F3B-3812-4CDB-BEB0-40A43BC556E4} = {78C01410-A3FB-436C-B550-6B3172836192}
		{ED309B7D-1F34-47D3-B399-EEAA70D79AA1} = {78C01410-A3FB-436C-B550-6B3172836192}
		{D3A7FE4B-A8C3-4901-B4B8-8972FE3DCAAA} = {78C01410-A3FB-436C-B550-6B3172836192}
	EndGlobalSection
	GlobalSection(ExtensibilityGlobals) = postSolution
		SolutionGuid = {818225A4-4FD6-43DB-8073-BC7680619A5C}
	EndGlobalSection
EndGlobal
